
Microsoft Visual Studio Solution File, Format Version 12.00
# Visual Studio Version 17
VisualStudioVersion = 17.0.32126.317
MinimumVisualStudioVersion = 10.0.40219.1
Project("{FAE04EC0-301F-11D3-BF4B-00C04F79EFBC}") = "WebApplicationEmployess", "WebApplicationEmployess\WebApplicationEmployess.csproj", "{90B45934-F5E3-4A95-BA0A-846B10D633CC}"
EndProject
Global
	GlobalSection(SolutionConfigurationPlatforms) = preSolution
		Debug|Any CPU = Debug|Any CPU
		Release|Any CPU = Release|Any CPU
	EndGlobalSection
	GlobalSection(ProjectConfigurationPlatforms) = postSolution
		{90B45934-F5E3-4A95-BA0A-846B10D633CC}.Debug|Any CPU.ActiveCfg = Debug|Any CPU
		{90B45934-F5E3-4A95-BA0A-846B10D633CC}.Debug|Any CPU.Build.0 = Debug|Any CPU
		{90B45934-F5E3-4A95-BA0A-846B10D633CC}.Release|Any CPU.ActiveCfg = Release|Any CPU
		{90B45934-F5E3-4A95-BA0A-846B10D633CC}.Release|Any CPU.Build.0 = Release|Any CPU
	EndGlobalSection
	GlobalSection(SolutionProperties) = preSolution
		HideSolutionNode = FALSE
	EndGlobalSection
	GlobalSection(ExtensibilityGlobals) = postSolution
		SolutionGuid = {81D6CAF7-DD57-485C-9E67-79F068F82076}
	EndGlobalSection
EndGlobal
